
Microsoft Visual Studio Solution File, Format Version 12.00
# Visual Studio 15
VisualStudioVersion = 15.0.27004.2008
MinimumVisualStudioVersion = 10.0.40219.1
Project("{8BC9CEB8-8B4A-11D0-8D11-00A0C91BC942}") = "学生成绩管理程序", "学生成绩管理程序\学生成绩管理程序.vcxproj", "{B8C0548C-DFE1-47BB-B273-D7A39701C8CB}"
EndProject
Global
	GlobalSection(SolutionConfigurationPlatforms) = preSolution
		Debug|x64 = Debug|x64
		Debug|x86 = Debug|x86
		Release|x64 = Release|x64
		Release|x86 = Release|x86
	EndGlobalSection
	GlobalSection(ProjectConfigurationPlatforms) = postSolution
		{B8C0548C-DFE1-47BB-B273-D7A39701C8CB}.Debug|x64.ActiveCfg = Debug|x64
		{B8C0548C-DFE1-47BB-B273-D7A39701C8CB}.Debug|x64.Build.0 = Debug|x64
		{B8C0548C-DFE1-47BB-B273-D7A39701C8CB}.Debug|x86.ActiveCfg = Debug|Win32
		{B8C0548C-DFE1-47BB-B273-D7A39701C8CB}.Debug|x86.Build.0 = Debug|Win32
		{B8C0548C-DFE1-47BB-B273-D7A39701C8CB}.Release|x64.ActiveCfg = Release|x64
		{B8C0548C-DFE1-47BB-B273-D7A39701C8CB}.Release|x64.Build.0 = Release|x64
		{B8C0548C-DFE1-47BB-B273-D7A39701C8CB}.Release|x86.ActiveCfg = Release|Win32
		{B8C0548C-DFE1-47BB-B273-D7A39701C8CB}.Release|x86.Build.0 = Release|Win32
	EndGlobalSection
	GlobalSection(SolutionProperties) = preSolution
		HideSolutionNode = FALSE
	EndGlobalSection
	GlobalSection(ExtensibilityGlobals) = postSolution
		SolutionGuid = {3134010E-9887-40BC-BC57-7B2F682F8C7B}
	EndGlobalSection
EndGlobal
