
Microsoft Visual Studio Solution File, Format Version 12.00
# Visual Studio 15
VisualStudioVersion = 15.0.27004.2008
MinimumVisualStudioVersion = 10.0.40219.1
Project("{8BC9CEB8-8B4A-11D0-8D11-00A0C91BC942}") = "数据结构实验3", "数据结构实验3\数据结构实验3.vcxproj", "{B73EE81D-9C65-4F90-AC5E-8FF62EB0FB62}"
EndProject
Global
	GlobalSection(SolutionConfigurationPlatforms) = preSolution
		Debug|x64 = Debug|x64
		Debug|x86 = Debug|x86
		Release|x64 = Release|x64
		Release|x86 = Release|x86
	EndGlobalSection
	GlobalSection(ProjectConfigurationPlatforms) = postSolution
		{B73EE81D-9C65-4F90-AC5E-8FF62EB0FB62}.Debug|x64.ActiveCfg = Debug|x64
		{B73EE81D-9C65-4F90-AC5E-8FF62EB0FB62}.Debug|x64.Build.0 = Debug|x64
		{B73EE81D-9C65-4F90-AC5E-8FF62EB0FB62}.Debug|x86.ActiveCfg = Debug|Win32
		{B73EE81D-9C65-4F90-AC5E-8FF62EB0FB62}.Debug|x86.Build.0 = Debug|Win32
		{B73EE81D-9C65-4F90-AC5E-8FF62EB0FB62}.Release|x64.ActiveCfg = Release|x64
		{B73EE81D-9C65-4F90-AC5E-8FF62EB0FB62}.Release|x64.Build.0 = Release|x64
		{B73EE81D-9C65-4F90-AC5E-8FF62EB0FB62}.Release|x86.ActiveCfg = Release|Win32
		{B73EE81D-9C65-4F90-AC5E-8FF62EB0FB62}.Release|x86.Build.0 = Release|Win32
	EndGlobalSection
	GlobalSection(SolutionProperties) = preSolution
		HideSolutionNode = FALSE
	EndGlobalSection
	GlobalSection(ExtensibilityGlobals) = postSolution
		SolutionGuid = {A82712F0-A4B5-41C8-AFB5-6E3ACB964701}
	EndGlobalSection
EndGlobal
